
Microsoft Visual Studio Solution File, Format Version 12.00
# Visual Studio Version 16
VisualStudioVersion = 16.0.31205.134
MinimumVisualStudioVersion = 10.0.40219.1
Project("{FAE04EC0-301F-11D3-BF4B-00C04F79EFBC}") = "MiniBankaProje", "MiniBankaProje\MiniBankaProje.csproj", "{D99729F7-DD5A-4A8B-91C0-C34C5C33970B}"
EndProject
Global
	GlobalSection(SolutionConfigurationPlatforms) = preSolution
		Debug|Any CPU = Debug|Any CPU
		Release|Any CPU = Release|Any CPU
	EndGlobalSection
	GlobalSection(ProjectConfigurationPlatforms) = postSolution
		{D99729F7-DD5A-4A8B-91C0-C34C5C33970B}.Debug|Any CPU.ActiveCfg = Debug|Any CPU
		{D99729F7-DD5A-4A8B-91C0-C34C5C33970B}.Debug|Any CPU.Build.0 = Debug|Any CPU
		{D99729F7-DD5A-4A8B-91C0-C34C5C33970B}.Release|Any CPU.ActiveCfg = Release|Any CPU
		{D99729F7-DD5A-4A8B-91C0-C34C5C33970B}.Release|Any CPU.Build.0 = Release|Any CPU
	EndGlobalSection
	GlobalSection(SolutionProperties) = preSolution
		HideSolutionNode = FALSE
	EndGlobalSection
	GlobalSection(ExtensibilityGlobals) = postSolution
		SolutionGuid = {AFF53088-708E-43F5-8CB7-74150221D87A}
	EndGlobalSection
EndGlobal
